
Microsoft Visual Studio Solution File, Format Version 12.00
# Visual Studio Version 16
VisualStudioVersion = 16.0.30114.105
MinimumVisualStudioVersion = 10.0.40219.1
Project("{FAE04EC0-301F-11D3-BF4B-00C04F79EFBC}") = "R5T.Suebia", "R5T.Suebia\R5T.Suebia.csproj", "{54DD0829-C943-48AD-A107-6AA87EAAD5A3}"
EndProject
Project("{FAE04EC0-301F-11D3-BF4B-00C04F79EFBC}") = "R5T.Suebia.Base", "R5T.Suebia.Base\R5T.Suebia.Base.csproj", "{57209FB5-9004-45BE-AFDD-832D998DF6CE}"
EndProject
Project("{FAE04EC0-301F-11D3-BF4B-00C04F79EFBC}") = "R5T.Suebia.Construction", "R5T.Suebia.Construction\R5T.Suebia.Construction.csproj", "{B192E2A2-7D06-40F8-9016-0E745B7AA0A7}"
EndProject
Project("{FAE04EC0-301F-11D3-BF4B-00C04F79EFBC}") = "R5T.Suebia.D0073", "R5T.Suebia.D0073\R5T.Suebia.D0073.csproj", "{9DF430D8-13E2-4459-A6B5-5FF2B2370C3B}"
EndProject
Project("{FAE04EC0-301F-11D3-BF4B-00C04F79EFBC}") = "R5T.Suebia.D0073.Base", "R5T.Suebia.D0073.Base\R5T.Suebia.D0073.Base.csproj", "{4233F0BD-1B91-47A9-8BED-8DD276F3BD4E}"
EndProject
Project("{FAE04EC0-301F-11D3-BF4B-00C04F79EFBC}") = "R5T.Suebia.Default", "R5T.Suebia.Default\R5T.Suebia.Default.csproj", "{FCB9B498-90BD-400B-9B34-4F7CB5CC9477}"
EndProject
Project("{FAE04EC0-301F-11D3-BF4B-00C04F79EFBC}") = "R5T.Suebia.Quadia", "R5T.Suebia.Quadia\R5T.Suebia.Quadia.csproj", "{FA21B6F9-8C33-4E1A-A2DA-3FD3C35B1604}"
EndProject
Project("{FAE04EC0-301F-11D3-BF4B-00C04F79EFBC}") = "R5T.Suebia.Quadia.Base", "R5T.Suebia.Quadia.Base\R5T.Suebia.Quadia.Base.csproj", "{759CAA15-6787-4A15-B079-882E8E3FBE2F}"
EndProject
Project("{FAE04EC0-301F-11D3-BF4B-00C04F79EFBC}") = "R5T.Suebia.Standard", "R5T.Suebia.Standard\R5T.Suebia.Standard.csproj", "{80BCE1AB-3A65-45C1-8A1B-4584734600BC}"
EndProject
Global
	GlobalSection(SolutionConfigurationPlatforms) = preSolution
		Debug|Any CPU = Debug|Any CPU
		Debug|x64 = Debug|x64
		Debug|x86 = Debug|x86
		Release|Any CPU = Release|Any CPU
		Release|x64 = Release|x64
		Release|x86 = Release|x86
	EndGlobalSection
	GlobalSection(SolutionProperties) = preSolution
		HideSolutionNode = FALSE
	EndGlobalSection
	GlobalSection(ProjectConfigurationPlatforms) = postSolution
		{54DD0829-C943-48AD-A107-6AA87EAAD5A3}.Debug|Any CPU.ActiveCfg = Debug|Any CPU
		{54DD0829-C943-48AD-A107-6AA87EAAD5A3}.Debug|Any CPU.Build.0 = Debug|Any CPU
		{54DD0829-C943-48AD-A107-6AA87EAAD5A3}.Debug|x64.ActiveCfg = Debug|Any CPU
		{54DD0829-C943-48AD-A107-6AA87EAAD5A3}.Debug|x64.Build.0 = Debug|Any CPU
		{54DD0829-C943-48AD-A107-6AA87EAAD5A3}.Debug|x86.ActiveCfg = Debug|Any CPU
		{54DD0829-C943-48AD-A107-6AA87EAAD5A3}.Debug|x86.Build.0 = Debug|Any CPU
		{54DD0829-C943-48AD-A107-6AA87EAAD5A3}.Release|Any CPU.ActiveCfg = Release|Any CPU
		{54DD0829-C943-48AD-A107-6AA87EAAD5A3}.Release|Any CPU.Build.0 = Release|Any CPU
		{54DD0829-C943-48AD-A107-6AA87EAAD5A3}.Release|x64.ActiveCfg = Release|Any CPU
		{54DD0829-C943-48AD-A107-6AA87EAAD5A3}.Release|x64.Build.0 = Release|Any CPU
		{54DD0829-C943-48AD-A107-6AA87EAAD5A3}.Release|x86.ActiveCfg = Release|Any CPU
		{54DD0829-C943-48AD-A107-6AA87EAAD5A3}.Release|x86.Build.0 = Release|Any CPU
		{57209FB5-9004-45BE-AFDD-832D998DF6CE}.Debug|Any CPU.ActiveCfg = Debug|Any CPU
		{57209FB5-9004-45BE-AFDD-832D998DF6CE}.Debug|Any CPU.Build.0 = Debug|Any CPU
		{57209FB5-9004-45BE-AFDD-832D998DF6CE}.Debug|x64.ActiveCfg = Debug|Any CPU
		{57209FB5-9004-45BE-AFDD-832D998DF6CE}.Debug|x64.Build.0 = Debug|Any CPU
		{57209FB5-9004-45BE-AFDD-832D998DF6CE}.Debug|x86.ActiveCfg = Debug|Any CPU
		{57209FB5-9004-45BE-AFDD-832D998DF6CE}.Debug|x86.Build.0 = Debug|Any CPU
		{57209FB5-9004-45BE-AFDD-832D998DF6CE}.Release|Any CPU.ActiveCfg = Release|Any CPU
		{57209FB5-9004-45BE-AFDD-832D998DF6CE}.Release|Any CPU.Build.0 = Release|Any CPU
		{57209FB5-9004-45BE-AFDD-832D998DF6CE}.Release|x64.ActiveCfg = Release|Any CPU
		{57209FB5-9004-45BE-AFDD-832D998DF6CE}.Release|x64.Build.0 = Release|Any CPU
		{57209FB5-9004-45BE-AFDD-832D998DF6CE}.Release|x86.ActiveCfg = Release|Any CPU
		{57209FB5-9004-45BE-AFDD-832D998DF6CE}.Release|x86.Build.0 = Release|Any CPU
		{B192E2A2-7D06-40F8-9016-0E745B7AA0A7}.Debug|Any CPU.ActiveCfg = Debug|Any CPU
		{B192E2A2-7D06-40F8-9016-0E745B7AA0A7}.Debug|Any CPU.Build.0 = Debug|Any CPU
		{B192E2A2-7D06-40F8-9016-0E745B7AA0A7}.Debug|x64.ActiveCfg = Debug|Any CPU
		{B192E2A2-7D06-40F8-9016-0E745B7AA0A7}.Debug|x64.Build.0 = Debug|Any CPU
		{B192E2A2-7D06-40F8-9016-0E745B7AA0A7}.Debug|x86.ActiveCfg = Debug|Any CPU
		{B192E2A2-7D06-40F8-9016-0E745B7AA0A7}.Debug|x86.Build.0 = Debug|Any CPU
		{B192E2A2-7D06-40F8-9016-0E745B7AA0A7}.Release|Any CPU.ActiveCfg = Release|Any CPU
		{B192E2A2-7D06-40F8-9016-0E745B7AA0A7}.Release|Any CPU.Build.0 = Release|Any CPU
		{B192E2A2-7D06-40F8-9016-0E745B7AA0A7}.Release|x64.ActiveCfg = Release|Any CPU
		{B192E2A2-7D06-40F8-9016-0E745B7AA0A7}.Release|x64.Build.0 = Release|Any CPU
		{B192E2A2-7D06-40F8-9016-0E745B7AA0A7}.Release|x86.ActiveCfg = Release|Any CPU
		{B192E2A2-7D06-40F8-9016-0E745B7AA0A7}.Release|x86.Build.0 = Release|Any CPU
		{9DF430D8-13E2-4459-A6B5-5FF2B2370C3B}.Debug|Any CPU.ActiveCfg = Debug|Any CPU
		{9DF430D8-13E2-4459-A6B5-5FF2B2370C3B}.Debug|Any CPU.Build.0 = Debug|Any CPU
		{9DF430D8-13E2-4459-A6B5-5FF2B2370C3B}.Debug|x64.ActiveCfg = Debug|Any CPU
		{9DF430D8-13E2-4459-A6B5-5FF2B2370C3B}.Debug|x64.Build.0 = Debug|Any CPU
		{9DF430D8-13E2-4459-A6B5-5FF2B2370C3B}.Debug|x86.ActiveCfg = Debug|Any CPU
		{9DF430D8-13E2-4459-A6B5-5FF2B2370C3B}.Debug|x86.Build.0 = Debug|Any CPU
		{9DF430D8-13E2-4459-A6B5-5FF2B2370C3B}.Release|Any CPU.ActiveCfg = Release|Any CPU
		{9DF430D8-13E2-4459-A6B5-5FF2B2370C3B}.Release|Any CPU.Build.0 = Release|Any CPU
		{9DF430D8-13E2-4459-A6B5-5FF2B2370C3B}.Release|x64.ActiveCfg = Release|Any CPU
		{9DF430D8-13E2-4459-A6B5-5FF2B2370C3B}.Release|x64.Build.0 = Release|Any CPU
		{9DF430D8-13E2-4459-A6B5-5FF2B2370C3B}.Release|x86.ActiveCfg = Release|Any CPU
		{9DF430D8-13E2-4459-A6B5-5FF2B2370C3B}.Release|x86.Build.0 = Release|Any CPU
		{4233F0BD-1B91-47A9-8BED-8DD276F3BD4E}.Debug|Any CPU.ActiveCfg = Debug|Any CPU
		{4233F0BD-1B91-47A9-8BED-8DD276F3BD4E}.Debug|Any CPU.Build.0 = Debug|Any CPU
		{4233F0BD-1B91-47A9-8BED-8DD276F3BD4E}.Debug|x64.ActiveCfg = Debug|Any CPU
		{4233F0BD-1B91-47A9-8BED-8DD276F3BD4E}.Debug|x64.Build.0 = Debug|Any CPU
		{4233F0BD-1B91-47A9-8BED-8DD276F3BD4E}.Debug|x86.ActiveCfg = Debug|Any CPU
		{4233F0BD-1B91-47A9-8BED-8DD276F3BD4E}.Debug|x86.Build.0 = Debug|Any CPU
		{4233F0BD-1B91-47A9-8BED-8DD276F3BD4E}.Release|Any CPU.ActiveCfg = Release|Any CPU
		{4233F0BD-1B91-47A9-8BED-8DD276F3BD4E}.Release|Any CPU.Build.0 = Release|Any CPU
		{4233F0BD-1B91-47A9-8BED-8DD276F3BD4E}.Release|x64.ActiveCfg = Release|Any CPU
		{4233F0BD-1B91-47A9-8BED-8DD276F3BD4E}.Release|x64.Build.0 = Release|Any CPU
		{4233F0BD-1B91-47A9-8BED-8DD276F3BD4E}.Release|x86.ActiveCfg = Release|Any CPU
		{4233F0BD-1B91-47A9-8BED-8DD276F3BD4E}.Release|x86.Build.0 = Release|Any CPU
		{FCB9B498-90BD-400B-9B34-4F7CB5CC9477}.Debug|Any CPU.ActiveCfg = Debug|Any CPU
		{FCB9B498-90BD-400B-9B34-4F7CB5CC9477}.Debug|Any CPU.Build.0 = Debug|Any CPU
		{FCB9B498-90BD-400B-9B34-4F7CB5CC9477}.Debug|x64.ActiveCfg = Debug|Any CPU
		{FCB9B498-90BD-400B-9B34-4F7CB5CC9477}.Debug|x64.Build.0 = Debug|Any CPU
		{FCB9B498-90BD-400B-9B34-4F7CB5CC9477}.Debug|x86.ActiveCfg = Debug|Any CPU
		{FCB9B498-90BD-400B-9B34-4F7CB5CC9477}.Debug|x86.Build.0 = Debug|Any CPU
		{FCB9B498-90BD-400B-9B34-4F7CB5CC9477}.Release|Any CPU.ActiveCfg = Release|Any CPU
		{FCB9B498-90BD-400B-9B34-4F7CB5CC9477}.Release|Any CPU.Build.0 = Release|Any CPU
		{FCB9B498-90BD-400B-9B34-4F7CB5CC9477}.Release|x64.ActiveCfg = Release|Any CPU
		{FCB9B498-90BD-400B-9B34-4F7CB5CC9477}.Release|x64.Build.0 = Release|Any CPU
		{FCB9B498-90BD-400B-9B34-4F7CB5CC9477}.Release|x86.ActiveCfg = Release|Any CPU
		{FCB9B498-90BD-400B-9B34-4F7CB5CC9477}.Release|x86.Build.0 = Release|Any CPU
		{FA21B6F9-8C33-4E1A-A2DA-3FD3C35B1604}.Debug|Any CPU.ActiveCfg = Debug|Any CPU
		{FA21B6F9-8C33-4E1A-A2DA-3FD3C35B1604}.Debug|Any CPU.Build.0 = Debug|Any CPU
		{FA21B6F9-8C33-4E1A-A2DA-3FD3C35B1604}.Debug|x64.ActiveCfg = Debug|Any CPU
		{FA21B6F9-8C33-4E1A-A2DA-3FD3C35B1604}.Debug|x64.Build.0 = Debug|Any CPU
		{FA21B6F9-8C33-4E1A-A2DA-3FD3C35B1604}.Debug|x86.ActiveCfg = Debug|Any CPU
		{FA21B6F9-8C33-4E1A-A2DA-3FD3C35B1604}.Debug|x86.Build.0 = Debug|Any CPU
		{FA21B6F9-8C33-4E1A-A2DA-3FD3C35B1604}.Release|Any CPU.ActiveCfg = Release|Any CPU
		{FA21B6F9-8C33-4E1A-A2DA-3FD3C35B1604}.Release|Any CPU.Build.0 = Release|Any CPU
		{FA21B6F9-8C33-4E1A-A2DA-3FD3C35B1604}.Release|x64.ActiveCfg = Release|Any CPU
		{FA21B6F9-8C33-4E1A-A2DA-3FD3C35B1604}.Release|x64.Build.0 = Release|Any CPU
		{FA21B6F9-8C33-4E1A-A2DA-3FD3C35B1604}.Release|x86.ActiveCfg = Release|Any CPU
		{FA21B6F9-8C33-4E1A-A2DA-3FD3C35B1604}.Release|x86.Build.0 = Release|Any CPU
		{759CAA15-6787-4A15-B079-882E8E3FBE2F}.Debug|Any CPU.ActiveCfg = Debug|Any CPU
		{759CAA15-6787-4A15-B079-882E8E3FBE2F}.Debug|Any CPU.Build.0 = Debug|Any CPU
		{759CAA15-6787-4A15-B079-882E8E3FBE2F}.Debug|x64.ActiveCfg = Debug|Any CPU
		{759CAA15-6787-4A15-B079-882E8E3FBE2F}.Debug|x64.Build.0 = Debug|Any CPU
		{759CAA15-6787-4A15-B079-882E8E3FBE2F}.Debug|x86.ActiveCfg = Debug|Any CPU
		{759CAA15-6787-4A15-B079-882E8E3FBE2F}.Debug|x86.Build.0 = Debug|Any CPU
		{759CAA15-6787-4A15-B079-882E8E3FBE2F}.Release|Any CPU.ActiveCfg = Release|Any CPU
		{759CAA15-6787-4A15-B079-882E8E3FBE2F}.Release|Any CPU.Build.0 = Release|Any CPU
		{759CAA15-6787-4A15-B079-882E8E3FBE2F}.Release|x64.ActiveCfg = Release|Any CPU
		{759CAA15-6787-4A15-B079-882E8E3FBE2F}.Release|x64.Build.0 = Release|Any CPU
		{759CAA15-6787-4A15-B079-882E8E3FBE2F}.Release|x86.ActiveCfg = Release|Any CPU
		{759CAA15-6787-4A15-B079-882E8E3FBE2F}.Release|x86.Build.0 = Release|Any CPU
		{80BCE1AB-3A65-45C1-8A1B-4584734600BC}.Debug|Any CPU.ActiveCfg = Debug|Any CPU
		{80BCE1AB-3A65-45C1-8A1B-4584734600BC}.Debug|Any CPU.Build.0 = Debug|Any CPU
		{80BCE1AB-3A65-45C1-8A1B-4584734600BC}.Debug|x64.ActiveCfg = Debug|Any CPU
		{80BCE1AB-3A65-45C1-8A1B-4584734600BC}.Debug|x64.Build.0 = Debug|Any CPU
		{80BCE1AB-3A65-45C1-8A1B-4584734600BC}.Debug|x86.ActiveCfg = Debug|Any CPU
		{80BCE1AB-3A65-45C1-8A1B-4584734600BC}.Debug|x86.Build.0 = Debug|Any CPU
		{80BCE1AB-3A65-45C1-8A1B-4584734600BC}.Release|Any CPU.ActiveCfg = Release|Any CPU
		{80BCE1AB-3A65-45C1-8A1B-4584734600BC}.Release|Any CPU.Build.0 = Release|Any CPU
		{80BCE1AB-3A65-45C1-8A1B-4584734600BC}.Release|x64.ActiveCfg = Release|Any CPU
		{80BCE1AB-3A65-45C1-8A1B-4584734600BC}.Release|x64.Build.0 = Release|Any CPU
		{80BCE1AB-3A65-45C1-8A1B-4584734600BC}.Release|x86.ActiveCfg = Release|Any CPU
		{80BCE1AB-3A65-45C1-8A1B-4584734600BC}.Release|x86.Build.0 = Release|Any CPU
	EndGlobalSection
EndGlobal
