
Microsoft Visual Studio Solution File, Format Version 12.00
# Visual Studio 15
VisualStudioVersion = 15.0.26124.0
MinimumVisualStudioVersion = 15.0.26124.0
Project("{9A19103F-16F7-4668-BE54-9A1E7A4F7556}") = "R5T.Suebia.Construction", "R5T.Suebia.Construction\R5T.Suebia.Construction.csproj", "{33921892-EFB2-4733-BA80-F7C7BBA96573}"
EndProject
Project("{9A19103F-16F7-4668-BE54-9A1E7A4F7556}") = "R5T.Suebia", "R5T.Suebia\R5T.Suebia.csproj", "{96EAA3B7-5A3B-4C64-96A1-209BE7564A9C}"
EndProject
Project("{2150E333-8FDC-42A3-9474-1A3956D46DE8}") = "_Dependencies", "_Dependencies", "{A0355E76-6893-4E8E-AFA9-D7E8D02463D4}"
EndProject
Project("{9A19103F-16F7-4668-BE54-9A1E7A4F7556}") = "R5T.Suebia.Base", "R5T.Suebia.Base\R5T.Suebia.Base.csproj", "{5255A30A-392C-49C6-B5D0-93AF1BDF35FC}"
EndProject
Project("{9A19103F-16F7-4668-BE54-9A1E7A4F7556}") = "R5T.Dacia.Extensions", "..\..\R5T.Dacia.Extensions\source\R5T.Dacia.Extensions\R5T.Dacia.Extensions.csproj", "{6988E63B-4734-42C7-83B8-8F9C8D921A30}"
EndProject
Project("{9A19103F-16F7-4668-BE54-9A1E7A4F7556}") = "R5T.Dacia", "..\..\R5T.Dacia\source\R5T.Dacia\R5T.Dacia.csproj", "{980F6E6E-A615-4472-8B3F-91398B99BD36}"
EndProject
Project("{9A19103F-16F7-4668-BE54-9A1E7A4F7556}") = "R5T.Lombardy.Base", "..\..\R5T.Lombardy.Base\source\R5T.Lombardy.Base\R5T.Lombardy.Base.csproj", "{E0E947AC-531C-41D7-AA2A-C3EF593E092C}"
EndProject
Project("{9A19103F-16F7-4668-BE54-9A1E7A4F7556}") = "R5T.Suebia.Default", "R5T.Suebia.Default\R5T.Suebia.Default.csproj", "{1505818D-EE34-46AB-9A7A-466F4717836D}"
EndProject
Project("{9A19103F-16F7-4668-BE54-9A1E7A4F7556}") = "R5T.Suebia.Quadia", "R5T.Suebia.Quadia\R5T.Suebia.Quadia.csproj", "{369D1152-9132-4996-898F-8A07A9C3E03A}"
EndProject
Project("{9A19103F-16F7-4668-BE54-9A1E7A4F7556}") = "R5T.Quadia.Base", "..\..\R5T.Quadia\source\R5T.Quadia.Base\R5T.Quadia.Base.csproj", "{43D2EF75-9E32-47CA-B03A-B678953D34EB}"
EndProject
Project("{9A19103F-16F7-4668-BE54-9A1E7A4F7556}") = "R5T.Magyar", "..\..\R5T.Magyar\source\R5T.Magyar\R5T.Magyar.csproj", "{5E21AD5C-F398-4B2B-A3B1-91866DD4731A}"
EndProject
Project("{FAE04EC0-301F-11D3-BF4B-00C04F79EFBC}") = "R5T.Suebia.Quadia.Base", "R5T.Suebia.Quadia.Base\R5T.Suebia.Quadia.Base.csproj", "{0242794F-ED85-4795-807F-F256F318BC43}"
EndProject
Global
	GlobalSection(SolutionConfigurationPlatforms) = preSolution
		Debug|Any CPU = Debug|Any CPU
		Debug|x64 = Debug|x64
		Debug|x86 = Debug|x86
		Release|Any CPU = Release|Any CPU
		Release|x64 = Release|x64
		Release|x86 = Release|x86
	EndGlobalSection
	GlobalSection(ProjectConfigurationPlatforms) = postSolution
		{33921892-EFB2-4733-BA80-F7C7BBA96573}.Debug|Any CPU.ActiveCfg = Debug|Any CPU
		{33921892-EFB2-4733-BA80-F7C7BBA96573}.Debug|Any CPU.Build.0 = Debug|Any CPU
		{33921892-EFB2-4733-BA80-F7C7BBA96573}.Debug|x64.ActiveCfg = Debug|Any CPU
		{33921892-EFB2-4733-BA80-F7C7BBA96573}.Debug|x64.Build.0 = Debug|Any CPU
		{33921892-EFB2-4733-BA80-F7C7BBA96573}.Debug|x86.ActiveCfg = Debug|Any CPU
		{33921892-EFB2-4733-BA80-F7C7BBA96573}.Debug|x86.Build.0 = Debug|Any CPU
		{33921892-EFB2-4733-BA80-F7C7BBA96573}.Release|Any CPU.ActiveCfg = Release|Any CPU
		{33921892-EFB2-4733-BA80-F7C7BBA96573}.Release|Any CPU.Build.0 = Release|Any CPU
		{33921892-EFB2-4733-BA80-F7C7BBA96573}.Release|x64.ActiveCfg = Release|Any CPU
		{33921892-EFB2-4733-BA80-F7C7BBA96573}.Release|x64.Build.0 = Release|Any CPU
		{33921892-EFB2-4733-BA80-F7C7BBA96573}.Release|x86.ActiveCfg = Release|Any CPU
		{33921892-EFB2-4733-BA80-F7C7BBA96573}.Release|x86.Build.0 = Release|Any CPU
		{96EAA3B7-5A3B-4C64-96A1-209BE7564A9C}.Debug|Any CPU.ActiveCfg = Debug|Any CPU
		{96EAA3B7-5A3B-4C64-96A1-209BE7564A9C}.Debug|Any CPU.Build.0 = Debug|Any CPU
		{96EAA3B7-5A3B-4C64-96A1-209BE7564A9C}.Debug|x64.ActiveCfg = Debug|Any CPU
		{96EAA3B7-5A3B-4C64-96A1-209BE7564A9C}.Debug|x64.Build.0 = Debug|Any CPU
		{96EAA3B7-5A3B-4C64-96A1-209BE7564A9C}.Debug|x86.ActiveCfg = Debug|Any CPU
		{96EAA3B7-5A3B-4C64-96A1-209BE7564A9C}.Debug|x86.Build.0 = Debug|Any CPU
		{96EAA3B7-5A3B-4C64-96A1-209BE7564A9C}.Release|Any CPU.ActiveCfg = Release|Any CPU
		{96EAA3B7-5A3B-4C64-96A1-209BE7564A9C}.Release|Any CPU.Build.0 = Release|Any CPU
		{96EAA3B7-5A3B-4C64-96A1-209BE7564A9C}.Release|x64.ActiveCfg = Release|Any CPU
		{96EAA3B7-5A3B-4C64-96A1-209BE7564A9C}.Release|x64.Build.0 = Release|Any CPU
		{96EAA3B7-5A3B-4C64-96A1-209BE7564A9C}.Release|x86.ActiveCfg = Release|Any CPU
		{96EAA3B7-5A3B-4C64-96A1-209BE7564A9C}.Release|x86.Build.0 = Release|Any CPU
		{5255A30A-392C-49C6-B5D0-93AF1BDF35FC}.Debug|Any CPU.ActiveCfg = Debug|Any CPU
		{5255A30A-392C-49C6-B5D0-93AF1BDF35FC}.Debug|Any CPU.Build.0 = Debug|Any CPU
		{5255A30A-392C-49C6-B5D0-93AF1BDF35FC}.Debug|x64.ActiveCfg = Debug|Any CPU
		{5255A30A-392C-49C6-B5D0-93AF1BDF35FC}.Debug|x64.Build.0 = Debug|Any CPU
		{5255A30A-392C-49C6-B5D0-93AF1BDF35FC}.Debug|x86.ActiveCfg = Debug|Any CPU
		{5255A30A-392C-49C6-B5D0-93AF1BDF35FC}.Debug|x86.Build.0 = Debug|Any CPU
		{5255A30A-392C-49C6-B5D0-93AF1BDF35FC}.Release|Any CPU.ActiveCfg = Release|Any CPU
		{5255A30A-392C-49C6-B5D0-93AF1BDF35FC}.Release|Any CPU.Build.0 = Release|Any CPU
		{5255A30A-392C-49C6-B5D0-93AF1BDF35FC}.Release|x64.ActiveCfg = Release|Any CPU
		{5255A30A-392C-49C6-B5D0-93AF1BDF35FC}.Release|x64.Build.0 = Release|Any CPU
		{5255A30A-392C-49C6-B5D0-93AF1BDF35FC}.Release|x86.ActiveCfg = Release|Any CPU
		{5255A30A-392C-49C6-B5D0-93AF1BDF35FC}.Release|x86.Build.0 = Release|Any CPU
		{6988E63B-4734-42C7-83B8-8F9C8D921A30}.Debug|Any CPU.ActiveCfg = Debug|Any CPU
		{6988E63B-4734-42C7-83B8-8F9C8D921A30}.Debug|Any CPU.Build.0 = Debug|Any CPU
		{6988E63B-4734-42C7-83B8-8F9C8D921A30}.Debug|x64.ActiveCfg = Debug|Any CPU
		{6988E63B-4734-42C7-83B8-8F9C8D921A30}.Debug|x64.Build.0 = Debug|Any CPU
		{6988E63B-4734-42C7-83B8-8F9C8D921A30}.Debug|x86.ActiveCfg = Debug|Any CPU
		{6988E63B-4734-42C7-83B8-8F9C8D921A30}.Debug|x86.Build.0 = Debug|Any CPU
		{6988E63B-4734-42C7-83B8-8F9C8D921A30}.Release|Any CPU.ActiveCfg = Release|Any CPU
		{6988E63B-4734-42C7-83B8-8F9C8D921A30}.Release|Any CPU.Build.0 = Release|Any CPU
		{6988E63B-4734-42C7-83B8-8F9C8D921A30}.Release|x64.ActiveCfg = Release|Any CPU
		{6988E63B-4734-42C7-83B8-8F9C8D921A30}.Release|x64.Build.0 = Release|Any CPU
		{6988E63B-4734-42C7-83B8-8F9C8D921A30}.Release|x86.ActiveCfg = Release|Any CPU
		{6988E63B-4734-42C7-83B8-8F9C8D921A30}.Release|x86.Build.0 = Release|Any CPU
		{980F6E6E-A615-4472-8B3F-91398B99BD36}.Debug|Any CPU.ActiveCfg = Debug|Any CPU
		{980F6E6E-A615-4472-8B3F-91398B99BD36}.Debug|Any CPU.Build.0 = Debug|Any CPU
		{980F6E6E-A615-4472-8B3F-91398B99BD36}.Debug|x64.ActiveCfg = Debug|Any CPU
		{980F6E6E-A615-4472-8B3F-91398B99BD36}.Debug|x64.Build.0 = Debug|Any CPU
		{980F6E6E-A615-4472-8B3F-91398B99BD36}.Debug|x86.ActiveCfg = Debug|Any CPU
		{980F6E6E-A615-4472-8B3F-91398B99BD36}.Debug|x86.Build.0 = Debug|Any CPU
		{980F6E6E-A615-4472-8B3F-91398B99BD36}.Release|Any CPU.ActiveCfg = Release|Any CPU
		{980F6E6E-A615-4472-8B3F-91398B99BD36}.Release|Any CPU.Build.0 = Release|Any CPU
		{980F6E6E-A615-4472-8B3F-91398B99BD36}.Release|x64.ActiveCfg = Release|Any CPU
		{980F6E6E-A615-4472-8B3F-91398B99BD36}.Release|x64.Build.0 = Release|Any CPU
		{980F6E6E-A615-4472-8B3F-91398B99BD36}.Release|x86.ActiveCfg = Release|Any CPU
		{980F6E6E-A615-4472-8B3F-91398B99BD36}.Release|x86.Build.0 = Release|Any CPU
		{E0E947AC-531C-41D7-AA2A-C3EF593E092C}.Debug|Any CPU.ActiveCfg = Debug|Any CPU
		{E0E947AC-531C-41D7-AA2A-C3EF593E092C}.Debug|Any CPU.Build.0 = Debug|Any CPU
		{E0E947AC-531C-41D7-AA2A-C3EF593E092C}.Debug|x64.ActiveCfg = Debug|Any CPU
		{E0E947AC-531C-41D7-AA2A-C3EF593E092C}.Debug|x64.Build.0 = Debug|Any CPU
		{E0E947AC-531C-41D7-AA2A-C3EF593E092C}.Debug|x86.ActiveCfg = Debug|Any CPU
		{E0E947AC-531C-41D7-AA2A-C3EF593E092C}.Debug|x86.Build.0 = Debug|Any CPU
		{E0E947AC-531C-41D7-AA2A-C3EF593E092C}.Release|Any CPU.ActiveCfg = Release|Any CPU
		{E0E947AC-531C-41D7-AA2A-C3EF593E092C}.Release|Any CPU.Build.0 = Release|Any CPU
		{E0E947AC-531C-41D7-AA2A-C3EF593E092C}.Release|x64.ActiveCfg = Release|Any CPU
		{E0E947AC-531C-41D7-AA2A-C3EF593E092C}.Release|x64.Build.0 = Release|Any CPU
		{E0E947AC-531C-41D7-AA2A-C3EF593E092C}.Release|x86.ActiveCfg = Release|Any CPU
		{E0E947AC-531C-41D7-AA2A-C3EF593E092C}.Release|x86.Build.0 = Release|Any CPU
		{1505818D-EE34-46AB-9A7A-466F4717836D}.Debug|Any CPU.ActiveCfg = Debug|Any CPU
		{1505818D-EE34-46AB-9A7A-466F4717836D}.Debug|Any CPU.Build.0 = Debug|Any CPU
		{1505818D-EE34-46AB-9A7A-466F4717836D}.Debug|x64.ActiveCfg = Debug|Any CPU
		{1505818D-EE34-46AB-9A7A-466F4717836D}.Debug|x64.Build.0 = Debug|Any CPU
		{1505818D-EE34-46AB-9A7A-466F4717836D}.Debug|x86.ActiveCfg = Debug|Any CPU
		{1505818D-EE34-46AB-9A7A-466F4717836D}.Debug|x86.Build.0 = Debug|Any CPU
		{1505818D-EE34-46AB-9A7A-466F4717836D}.Release|Any CPU.ActiveCfg = Release|Any CPU
		{1505818D-EE34-46AB-9A7A-466F4717836D}.Release|Any CPU.Build.0 = Release|Any CPU
		{1505818D-EE34-46AB-9A7A-466F4717836D}.Release|x64.ActiveCfg = Release|Any CPU
		{1505818D-EE34-46AB-9A7A-466F4717836D}.Release|x64.Build.0 = Release|Any CPU
		{1505818D-EE34-46AB-9A7A-466F4717836D}.Release|x86.ActiveCfg = Release|Any CPU
		{1505818D-EE34-46AB-9A7A-466F4717836D}.Release|x86.Build.0 = Release|Any CPU
		{369D1152-9132-4996-898F-8A07A9C3E03A}.Debug|Any CPU.ActiveCfg = Debug|Any CPU
		{369D1152-9132-4996-898F-8A07A9C3E03A}.Debug|Any CPU.Build.0 = Debug|Any CPU
		{369D1152-9132-4996-898F-8A07A9C3E03A}.Debug|x64.ActiveCfg = Debug|Any CPU
		{369D1152-9132-4996-898F-8A07A9C3E03A}.Debug|x64.Build.0 = Debug|Any CPU
		{369D1152-9132-4996-898F-8A07A9C3E03A}.Debug|x86.ActiveCfg = Debug|Any CPU
		{369D1152-9132-4996-898F-8A07A9C3E03A}.Debug|x86.Build.0 = Debug|Any CPU
		{369D1152-9132-4996-898F-8A07A9C3E03A}.Release|Any CPU.ActiveCfg = Release|Any CPU
		{369D1152-9132-4996-898F-8A07A9C3E03A}.Release|Any CPU.Build.0 = Release|Any CPU
		{369D1152-9132-4996-898F-8A07A9C3E03A}.Release|x64.ActiveCfg = Release|Any CPU
		{369D1152-9132-4996-898F-8A07A9C3E03A}.Release|x64.Build.0 = Release|Any CPU
		{369D1152-9132-4996-898F-8A07A9C3E03A}.Release|x86.ActiveCfg = Release|Any CPU
		{369D1152-9132-4996-898F-8A07A9C3E03A}.Release|x86.Build.0 = Release|Any CPU
		{43D2EF75-9E32-47CA-B03A-B678953D34EB}.Debug|Any CPU.ActiveCfg = Debug|Any CPU
		{43D2EF75-9E32-47CA-B03A-B678953D34EB}.Debug|Any CPU.Build.0 = Debug|Any CPU
		{43D2EF75-9E32-47CA-B03A-B678953D34EB}.Debug|x64.ActiveCfg = Debug|Any CPU
		{43D2EF75-9E32-47CA-B03A-B678953D34EB}.Debug|x64.Build.0 = Debug|Any CPU
		{43D2EF75-9E32-47CA-B03A-B678953D34EB}.Debug|x86.ActiveCfg = Debug|Any CPU
		{43D2EF75-9E32-47CA-B03A-B678953D34EB}.Debug|x86.Build.0 = Debug|Any CPU
		{43D2EF75-9E32-47CA-B03A-B678953D34EB}.Release|Any CPU.ActiveCfg = Release|Any CPU
		{43D2EF75-9E32-47CA-B03A-B678953D34EB}.Release|Any CPU.Build.0 = Release|Any CPU
		{43D2EF75-9E32-47CA-B03A-B678953D34EB}.Release|x64.ActiveCfg = Release|Any CPU
		{43D2EF75-9E32-47CA-B03A-B678953D34EB}.Release|x64.Build.0 = Release|Any CPU
		{43D2EF75-9E32-47CA-B03A-B678953D34EB}.Release|x86.ActiveCfg = Release|Any CPU
		{43D2EF75-9E32-47CA-B03A-B678953D34EB}.Release|x86.Build.0 = Release|Any CPU
		{5E21AD5C-F398-4B2B-A3B1-91866DD4731A}.Debug|Any CPU.ActiveCfg = Debug|Any CPU
		{5E21AD5C-F398-4B2B-A3B1-91866DD4731A}.Debug|Any CPU.Build.0 = Debug|Any CPU
		{5E21AD5C-F398-4B2B-A3B1-91866DD4731A}.Debug|x64.ActiveCfg = Debug|Any CPU
		{5E21AD5C-F398-4B2B-A3B1-91866DD4731A}.Debug|x64.Build.0 = Debug|Any CPU
		{5E21AD5C-F398-4B2B-A3B1-91866DD4731A}.Debug|x86.ActiveCfg = Debug|Any CPU
		{5E21AD5C-F398-4B2B-A3B1-91866DD4731A}.Debug|x86.Build.0 = Debug|Any CPU
		{5E21AD5C-F398-4B2B-A3B1-91866DD4731A}.Release|Any CPU.ActiveCfg = Release|Any CPU
		{5E21AD5C-F398-4B2B-A3B1-91866DD4731A}.Release|Any CPU.Build.0 = Release|Any CPU
		{5E21AD5C-F398-4B2B-A3B1-91866DD4731A}.Release|x64.ActiveCfg = Release|Any CPU
		{5E21AD5C-F398-4B2B-A3B1-91866DD4731A}.Release|x64.Build.0 = Release|Any CPU
		{5E21AD5C-F398-4B2B-A3B1-91866DD4731A}.Release|x86.ActiveCfg = Release|Any CPU
		{5E21AD5C-F398-4B2B-A3B1-91866DD4731A}.Release|x86.Build.0 = Release|Any CPU
		{0242794F-ED85-4795-807F-F256F318BC43}.Debug|Any CPU.ActiveCfg = Debug|Any CPU
		{0242794F-ED85-4795-807F-F256F318BC43}.Debug|Any CPU.Build.0 = Debug|Any CPU
		{0242794F-ED85-4795-807F-F256F318BC43}.Debug|x64.ActiveCfg = Debug|Any CPU
		{0242794F-ED85-4795-807F-F256F318BC43}.Debug|x64.Build.0 = Debug|Any CPU
		{0242794F-ED85-4795-807F-F256F318BC43}.Debug|x86.ActiveCfg = Debug|Any CPU
		{0242794F-ED85-4795-807F-F256F318BC43}.Debug|x86.Build.0 = Debug|Any CPU
		{0242794F-ED85-4795-807F-F256F318BC43}.Release|Any CPU.ActiveCfg = Release|Any CPU
		{0242794F-ED85-4795-807F-F256F318BC43}.Release|Any CPU.Build.0 = Release|Any CPU
		{0242794F-ED85-4795-807F-F256F318BC43}.Release|x64.ActiveCfg = Release|Any CPU
		{0242794F-ED85-4795-807F-F256F318BC43}.Release|x64.Build.0 = Release|Any CPU
		{0242794F-ED85-4795-807F-F256F318BC43}.Release|x86.ActiveCfg = Release|Any CPU
		{0242794F-ED85-4795-807F-F256F318BC43}.Release|x86.Build.0 = Release|Any CPU
	EndGlobalSection
	GlobalSection(SolutionProperties) = preSolution
		HideSolutionNode = FALSE
	EndGlobalSection
	GlobalSection(NestedProjects) = preSolution
		{6988E63B-4734-42C7-83B8-8F9C8D921A30} = {A0355E76-6893-4E8E-AFA9-D7E8D02463D4}
		{980F6E6E-A615-4472-8B3F-91398B99BD36} = {A0355E76-6893-4E8E-AFA9-D7E8D02463D4}
		{E0E947AC-531C-41D7-AA2A-C3EF593E092C} = {A0355E76-6893-4E8E-AFA9-D7E8D02463D4}
		{43D2EF75-9E32-47CA-B03A-B678953D34EB} = {A0355E76-6893-4E8E-AFA9-D7E8D02463D4}
		{5E21AD5C-F398-4B2B-A3B1-91866DD4731A} = {A0355E76-6893-4E8E-AFA9-D7E8D02463D4}
	EndGlobalSection
	GlobalSection(ExtensibilityGlobals) = postSolution
		SolutionGuid = {CD474A5F-5668-49CD-9F32-9DB2EFEE49E5}
	EndGlobalSection
EndGlobal
