
Microsoft Visual Studio Solution File, Format Version 12.00
# Visual Studio Version 16
VisualStudioVersion = 16.6.30114.105
MinimumVisualStudioVersion = 10.0.40219.1
Project("{FAE04EC0-301F-11D3-BF4B-00C04F79EFBC}") = "R5T.Suebia.D0073", "R5T.Suebia.D0073\R5T.Suebia.D0073.csproj", "{59041363-2855-4F67-BC0A-E36D32F33C89}"
EndProject
Project("{2150E333-8FDC-42A3-9474-1A3956D46DE8}") = "_Dependencies", "_Dependencies", "{286E3A86-6C1D-4867-99CA-BA15E6993148}"
EndProject
Project("{9A19103F-16F7-4668-BE54-9A1E7A4F7556}") = "R5T.Suebia.Base", "R5T.Suebia.Base\R5T.Suebia.Base.csproj", "{32E1961D-7B21-4ACE-8E6F-7ACBF2F61F88}"
EndProject
Project("{9A19103F-16F7-4668-BE54-9A1E7A4F7556}") = "R5T.D0073.Base", "..\..\R5T.D0073\source\R5T.D0073.Base\R5T.D0073.Base.csproj", "{137AF739-0B48-4972-8C2C-EAAFC1D188E8}"
EndProject
Project("{9A19103F-16F7-4668-BE54-9A1E7A4F7556}") = "R5T.Dacia", "..\..\R5T.Dacia\source\R5T.Dacia\R5T.Dacia.csproj", "{AB151E26-43D3-435A-A325-0167D89AE6FF}"
EndProject
Project("{9A19103F-16F7-4668-BE54-9A1E7A4F7556}") = "R5T.Dacia.Extensions", "..\..\R5T.Dacia.Extensions\source\R5T.Dacia.Extensions\R5T.Dacia.Extensions.csproj", "{156906FD-87EB-4278-A978-AEF4AE610FF2}"
EndProject
Project("{9A19103F-16F7-4668-BE54-9A1E7A4F7556}") = "R5T.D0065.Base", "..\..\R5T.D0065\source\R5T.D0065.Base\R5T.D0065.Base.csproj", "{690D3BD8-C31C-4406-BE9B-6EF6D378E253}"
EndProject
Project("{9A19103F-16F7-4668-BE54-9A1E7A4F7556}") = "R5T.Suebia.Quadia.Base", "R5T.Suebia.Quadia.Base\R5T.Suebia.Quadia.Base.csproj", "{E681B84C-B8A5-435F-82AE-AA5D73E00C3C}"
EndProject
Project("{9A19103F-16F7-4668-BE54-9A1E7A4F7556}") = "R5T.D0073.T002", "..\..\R5T.D0073\source\R5T.D0073.T002\R5T.D0073.T002.csproj", "{14E72748-7CE5-45E7-8506-D626A6FBDA60}"
EndProject
Project("{FAE04EC0-301F-11D3-BF4B-00C04F79EFBC}") = "R5T.Suebia.D0073.Base", "R5T.Suebia.D0073.Base\R5T.Suebia.D0073.Base.csproj", "{6660BFDF-F0A0-4898-844B-E0AB0D48E17C}"
EndProject
Global
	GlobalSection(SolutionConfigurationPlatforms) = preSolution
		Debug|Any CPU = Debug|Any CPU
		Debug|x64 = Debug|x64
		Debug|x86 = Debug|x86
		Release|Any CPU = Release|Any CPU
		Release|x64 = Release|x64
		Release|x86 = Release|x86
	EndGlobalSection
	GlobalSection(ProjectConfigurationPlatforms) = postSolution
		{59041363-2855-4F67-BC0A-E36D32F33C89}.Debug|Any CPU.ActiveCfg = Debug|Any CPU
		{59041363-2855-4F67-BC0A-E36D32F33C89}.Debug|Any CPU.Build.0 = Debug|Any CPU
		{59041363-2855-4F67-BC0A-E36D32F33C89}.Debug|x64.ActiveCfg = Debug|Any CPU
		{59041363-2855-4F67-BC0A-E36D32F33C89}.Debug|x64.Build.0 = Debug|Any CPU
		{59041363-2855-4F67-BC0A-E36D32F33C89}.Debug|x86.ActiveCfg = Debug|Any CPU
		{59041363-2855-4F67-BC0A-E36D32F33C89}.Debug|x86.Build.0 = Debug|Any CPU
		{59041363-2855-4F67-BC0A-E36D32F33C89}.Release|Any CPU.ActiveCfg = Release|Any CPU
		{59041363-2855-4F67-BC0A-E36D32F33C89}.Release|Any CPU.Build.0 = Release|Any CPU
		{59041363-2855-4F67-BC0A-E36D32F33C89}.Release|x64.ActiveCfg = Release|Any CPU
		{59041363-2855-4F67-BC0A-E36D32F33C89}.Release|x64.Build.0 = Release|Any CPU
		{59041363-2855-4F67-BC0A-E36D32F33C89}.Release|x86.ActiveCfg = Release|Any CPU
		{59041363-2855-4F67-BC0A-E36D32F33C89}.Release|x86.Build.0 = Release|Any CPU
		{32E1961D-7B21-4ACE-8E6F-7ACBF2F61F88}.Debug|Any CPU.ActiveCfg = Debug|Any CPU
		{32E1961D-7B21-4ACE-8E6F-7ACBF2F61F88}.Debug|Any CPU.Build.0 = Debug|Any CPU
		{32E1961D-7B21-4ACE-8E6F-7ACBF2F61F88}.Debug|x64.ActiveCfg = Debug|Any CPU
		{32E1961D-7B21-4ACE-8E6F-7ACBF2F61F88}.Debug|x64.Build.0 = Debug|Any CPU
		{32E1961D-7B21-4ACE-8E6F-7ACBF2F61F88}.Debug|x86.ActiveCfg = Debug|Any CPU
		{32E1961D-7B21-4ACE-8E6F-7ACBF2F61F88}.Debug|x86.Build.0 = Debug|Any CPU
		{32E1961D-7B21-4ACE-8E6F-7ACBF2F61F88}.Release|Any CPU.ActiveCfg = Release|Any CPU
		{32E1961D-7B21-4ACE-8E6F-7ACBF2F61F88}.Release|Any CPU.Build.0 = Release|Any CPU
		{32E1961D-7B21-4ACE-8E6F-7ACBF2F61F88}.Release|x64.ActiveCfg = Release|Any CPU
		{32E1961D-7B21-4ACE-8E6F-7ACBF2F61F88}.Release|x64.Build.0 = Release|Any CPU
		{32E1961D-7B21-4ACE-8E6F-7ACBF2F61F88}.Release|x86.ActiveCfg = Release|Any CPU
		{32E1961D-7B21-4ACE-8E6F-7ACBF2F61F88}.Release|x86.Build.0 = Release|Any CPU
		{137AF739-0B48-4972-8C2C-EAAFC1D188E8}.Debug|Any CPU.ActiveCfg = Debug|Any CPU
		{137AF739-0B48-4972-8C2C-EAAFC1D188E8}.Debug|Any CPU.Build.0 = Debug|Any CPU
		{137AF739-0B48-4972-8C2C-EAAFC1D188E8}.Debug|x64.ActiveCfg = Debug|Any CPU
		{137AF739-0B48-4972-8C2C-EAAFC1D188E8}.Debug|x64.Build.0 = Debug|Any CPU
		{137AF739-0B48-4972-8C2C-EAAFC1D188E8}.Debug|x86.ActiveCfg = Debug|Any CPU
		{137AF739-0B48-4972-8C2C-EAAFC1D188E8}.Debug|x86.Build.0 = Debug|Any CPU
		{137AF739-0B48-4972-8C2C-EAAFC1D188E8}.Release|Any CPU.ActiveCfg = Release|Any CPU
		{137AF739-0B48-4972-8C2C-EAAFC1D188E8}.Release|Any CPU.Build.0 = Release|Any CPU
		{137AF739-0B48-4972-8C2C-EAAFC1D188E8}.Release|x64.ActiveCfg = Release|Any CPU
		{137AF739-0B48-4972-8C2C-EAAFC1D188E8}.Release|x64.Build.0 = Release|Any CPU
		{137AF739-0B48-4972-8C2C-EAAFC1D188E8}.Release|x86.ActiveCfg = Release|Any CPU
		{137AF739-0B48-4972-8C2C-EAAFC1D188E8}.Release|x86.Build.0 = Release|Any CPU
		{AB151E26-43D3-435A-A325-0167D89AE6FF}.Debug|Any CPU.ActiveCfg = Debug|Any CPU
		{AB151E26-43D3-435A-A325-0167D89AE6FF}.Debug|Any CPU.Build.0 = Debug|Any CPU
		{AB151E26-43D3-435A-A325-0167D89AE6FF}.Debug|x64.ActiveCfg = Debug|Any CPU
		{AB151E26-43D3-435A-A325-0167D89AE6FF}.Debug|x64.Build.0 = Debug|Any CPU
		{AB151E26-43D3-435A-A325-0167D89AE6FF}.Debug|x86.ActiveCfg = Debug|Any CPU
		{AB151E26-43D3-435A-A325-0167D89AE6FF}.Debug|x86.Build.0 = Debug|Any CPU
		{AB151E26-43D3-435A-A325-0167D89AE6FF}.Release|Any CPU.ActiveCfg = Release|Any CPU
		{AB151E26-43D3-435A-A325-0167D89AE6FF}.Release|Any CPU.Build.0 = Release|Any CPU
		{AB151E26-43D3-435A-A325-0167D89AE6FF}.Release|x64.ActiveCfg = Release|Any CPU
		{AB151E26-43D3-435A-A325-0167D89AE6FF}.Release|x64.Build.0 = Release|Any CPU
		{AB151E26-43D3-435A-A325-0167D89AE6FF}.Release|x86.ActiveCfg = Release|Any CPU
		{AB151E26-43D3-435A-A325-0167D89AE6FF}.Release|x86.Build.0 = Release|Any CPU
		{156906FD-87EB-4278-A978-AEF4AE610FF2}.Debug|Any CPU.ActiveCfg = Debug|Any CPU
		{156906FD-87EB-4278-A978-AEF4AE610FF2}.Debug|Any CPU.Build.0 = Debug|Any CPU
		{156906FD-87EB-4278-A978-AEF4AE610FF2}.Debug|x64.ActiveCfg = Debug|Any CPU
		{156906FD-87EB-4278-A978-AEF4AE610FF2}.Debug|x64.Build.0 = Debug|Any CPU
		{156906FD-87EB-4278-A978-AEF4AE610FF2}.Debug|x86.ActiveCfg = Debug|Any CPU
		{156906FD-87EB-4278-A978-AEF4AE610FF2}.Debug|x86.Build.0 = Debug|Any CPU
		{156906FD-87EB-4278-A978-AEF4AE610FF2}.Release|Any CPU.ActiveCfg = Release|Any CPU
		{156906FD-87EB-4278-A978-AEF4AE610FF2}.Release|Any CPU.Build.0 = Release|Any CPU
		{156906FD-87EB-4278-A978-AEF4AE610FF2}.Release|x64.ActiveCfg = Release|Any CPU
		{156906FD-87EB-4278-A978-AEF4AE610FF2}.Release|x64.Build.0 = Release|Any CPU
		{156906FD-87EB-4278-A978-AEF4AE610FF2}.Release|x86.ActiveCfg = Release|Any CPU
		{156906FD-87EB-4278-A978-AEF4AE610FF2}.Release|x86.Build.0 = Release|Any CPU
		{690D3BD8-C31C-4406-BE9B-6EF6D378E253}.Debug|Any CPU.ActiveCfg = Debug|Any CPU
		{690D3BD8-C31C-4406-BE9B-6EF6D378E253}.Debug|Any CPU.Build.0 = Debug|Any CPU
		{690D3BD8-C31C-4406-BE9B-6EF6D378E253}.Debug|x64.ActiveCfg = Debug|Any CPU
		{690D3BD8-C31C-4406-BE9B-6EF6D378E253}.Debug|x64.Build.0 = Debug|Any CPU
		{690D3BD8-C31C-4406-BE9B-6EF6D378E253}.Debug|x86.ActiveCfg = Debug|Any CPU
		{690D3BD8-C31C-4406-BE9B-6EF6D378E253}.Debug|x86.Build.0 = Debug|Any CPU
		{690D3BD8-C31C-4406-BE9B-6EF6D378E253}.Release|Any CPU.ActiveCfg = Release|Any CPU
		{690D3BD8-C31C-4406-BE9B-6EF6D378E253}.Release|Any CPU.Build.0 = Release|Any CPU
		{690D3BD8-C31C-4406-BE9B-6EF6D378E253}.Release|x64.ActiveCfg = Release|Any CPU
		{690D3BD8-C31C-4406-BE9B-6EF6D378E253}.Release|x64.Build.0 = Release|Any CPU
		{690D3BD8-C31C-4406-BE9B-6EF6D378E253}.Release|x86.ActiveCfg = Release|Any CPU
		{690D3BD8-C31C-4406-BE9B-6EF6D378E253}.Release|x86.Build.0 = Release|Any CPU
		{E681B84C-B8A5-435F-82AE-AA5D73E00C3C}.Debug|Any CPU.ActiveCfg = Debug|Any CPU
		{E681B84C-B8A5-435F-82AE-AA5D73E00C3C}.Debug|Any CPU.Build.0 = Debug|Any CPU
		{E681B84C-B8A5-435F-82AE-AA5D73E00C3C}.Debug|x64.ActiveCfg = Debug|Any CPU
		{E681B84C-B8A5-435F-82AE-AA5D73E00C3C}.Debug|x64.Build.0 = Debug|Any CPU
		{E681B84C-B8A5-435F-82AE-AA5D73E00C3C}.Debug|x86.ActiveCfg = Debug|Any CPU
		{E681B84C-B8A5-435F-82AE-AA5D73E00C3C}.Debug|x86.Build.0 = Debug|Any CPU
		{E681B84C-B8A5-435F-82AE-AA5D73E00C3C}.Release|Any CPU.ActiveCfg = Release|Any CPU
		{E681B84C-B8A5-435F-82AE-AA5D73E00C3C}.Release|Any CPU.Build.0 = Release|Any CPU
		{E681B84C-B8A5-435F-82AE-AA5D73E00C3C}.Release|x64.ActiveCfg = Release|Any CPU
		{E681B84C-B8A5-435F-82AE-AA5D73E00C3C}.Release|x64.Build.0 = Release|Any CPU
		{E681B84C-B8A5-435F-82AE-AA5D73E00C3C}.Release|x86.ActiveCfg = Release|Any CPU
		{E681B84C-B8A5-435F-82AE-AA5D73E00C3C}.Release|x86.Build.0 = Release|Any CPU
		{14E72748-7CE5-45E7-8506-D626A6FBDA60}.Debug|Any CPU.ActiveCfg = Debug|Any CPU
		{14E72748-7CE5-45E7-8506-D626A6FBDA60}.Debug|Any CPU.Build.0 = Debug|Any CPU
		{14E72748-7CE5-45E7-8506-D626A6FBDA60}.Debug|x64.ActiveCfg = Debug|Any CPU
		{14E72748-7CE5-45E7-8506-D626A6FBDA60}.Debug|x64.Build.0 = Debug|Any CPU
		{14E72748-7CE5-45E7-8506-D626A6FBDA60}.Debug|x86.ActiveCfg = Debug|Any CPU
		{14E72748-7CE5-45E7-8506-D626A6FBDA60}.Debug|x86.Build.0 = Debug|Any CPU
		{14E72748-7CE5-45E7-8506-D626A6FBDA60}.Release|Any CPU.ActiveCfg = Release|Any CPU
		{14E72748-7CE5-45E7-8506-D626A6FBDA60}.Release|Any CPU.Build.0 = Release|Any CPU
		{14E72748-7CE5-45E7-8506-D626A6FBDA60}.Release|x64.ActiveCfg = Release|Any CPU
		{14E72748-7CE5-45E7-8506-D626A6FBDA60}.Release|x64.Build.0 = Release|Any CPU
		{14E72748-7CE5-45E7-8506-D626A6FBDA60}.Release|x86.ActiveCfg = Release|Any CPU
		{14E72748-7CE5-45E7-8506-D626A6FBDA60}.Release|x86.Build.0 = Release|Any CPU
		{6660BFDF-F0A0-4898-844B-E0AB0D48E17C}.Debug|Any CPU.ActiveCfg = Debug|Any CPU
		{6660BFDF-F0A0-4898-844B-E0AB0D48E17C}.Debug|Any CPU.Build.0 = Debug|Any CPU
		{6660BFDF-F0A0-4898-844B-E0AB0D48E17C}.Debug|x64.ActiveCfg = Debug|Any CPU
		{6660BFDF-F0A0-4898-844B-E0AB0D48E17C}.Debug|x64.Build.0 = Debug|Any CPU
		{6660BFDF-F0A0-4898-844B-E0AB0D48E17C}.Debug|x86.ActiveCfg = Debug|Any CPU
		{6660BFDF-F0A0-4898-844B-E0AB0D48E17C}.Debug|x86.Build.0 = Debug|Any CPU
		{6660BFDF-F0A0-4898-844B-E0AB0D48E17C}.Release|Any CPU.ActiveCfg = Release|Any CPU
		{6660BFDF-F0A0-4898-844B-E0AB0D48E17C}.Release|Any CPU.Build.0 = Release|Any CPU
		{6660BFDF-F0A0-4898-844B-E0AB0D48E17C}.Release|x64.ActiveCfg = Release|Any CPU
		{6660BFDF-F0A0-4898-844B-E0AB0D48E17C}.Release|x64.Build.0 = Release|Any CPU
		{6660BFDF-F0A0-4898-844B-E0AB0D48E17C}.Release|x86.ActiveCfg = Release|Any CPU
		{6660BFDF-F0A0-4898-844B-E0AB0D48E17C}.Release|x86.Build.0 = Release|Any CPU
	EndGlobalSection
	GlobalSection(SolutionProperties) = preSolution
		HideSolutionNode = FALSE
	EndGlobalSection
	GlobalSection(NestedProjects) = preSolution
		{32E1961D-7B21-4ACE-8E6F-7ACBF2F61F88} = {286E3A86-6C1D-4867-99CA-BA15E6993148}
		{137AF739-0B48-4972-8C2C-EAAFC1D188E8} = {286E3A86-6C1D-4867-99CA-BA15E6993148}
		{AB151E26-43D3-435A-A325-0167D89AE6FF} = {286E3A86-6C1D-4867-99CA-BA15E6993148}
		{156906FD-87EB-4278-A978-AEF4AE610FF2} = {286E3A86-6C1D-4867-99CA-BA15E6993148}
		{690D3BD8-C31C-4406-BE9B-6EF6D378E253} = {286E3A86-6C1D-4867-99CA-BA15E6993148}
		{E681B84C-B8A5-435F-82AE-AA5D73E00C3C} = {286E3A86-6C1D-4867-99CA-BA15E6993148}
		{14E72748-7CE5-45E7-8506-D626A6FBDA60} = {286E3A86-6C1D-4867-99CA-BA15E6993148}
	EndGlobalSection
	GlobalSection(ExtensibilityGlobals) = postSolution
		SolutionGuid = {56F159CD-B839-44A7-BA28-DEBC1B36FEA8}
	EndGlobalSection
EndGlobal
